
Microsoft Visual Studio Solution File, Format Version 12.00
Project("{FAE04EC0-301F-11D3-BF4B-00C04F79EFBC}") = "Tracer.Core", "Tracer.Core\Tracer.Core.csproj", "{4FB0F955-ED35-4556-A8EA-140DD289D011}"
EndProject
Project("{FAE04EC0-301F-11D3-BF4B-00C04F79EFBC}") = "Tracer.Serialization", "Tracer.Serialization\Tracer.Serialization.csproj", "{5216D3AA-4B38-4D7E-AA98-0FAF4E5FAF21}"
EndProject
Project("{FAE04EC0-301F-11D3-BF4B-00C04F79EFBC}") = "Tracer.Serialization.Abstractions", "Tracer.Serialization.Abstractions\Tracer.Serialization.Abstractions.csproj", "{C426DE9A-D3E6-4ABA-B79B-22F8867743A3}"
EndProject
Project("{FAE04EC0-301F-11D3-BF4B-00C04F79EFBC}") = "Tracer.Core.Tests", "Tracer.Core.Tests\Tracer.Core.Tests.csproj", "{E3755E0A-75F7-4965-9BB2-B5BFFB2CC586}"
EndProject
Project("{FAE04EC0-301F-11D3-BF4B-00C04F79EFBC}") = "Tracer.Example", "Tracer.Example\Tracer.Example.csproj", "{0C11C3BF-FFBF-4A0C-AAFE-7D02D30A4D0E}"
EndProject
Global
	GlobalSection(SolutionConfigurationPlatforms) = preSolution
		Debug|Any CPU = Debug|Any CPU
		Release|Any CPU = Release|Any CPU
	EndGlobalSection
	GlobalSection(ProjectConfigurationPlatforms) = postSolution
		{4FB0F955-ED35-4556-A8EA-140DD289D011}.Debug|Any CPU.ActiveCfg = Debug|Any CPU
		{4FB0F955-ED35-4556-A8EA-140DD289D011}.Debug|Any CPU.Build.0 = Debug|Any CPU
		{4FB0F955-ED35-4556-A8EA-140DD289D011}.Release|Any CPU.ActiveCfg = Release|Any CPU
		{4FB0F955-ED35-4556-A8EA-140DD289D011}.Release|Any CPU.Build.0 = Release|Any CPU
		{5216D3AA-4B38-4D7E-AA98-0FAF4E5FAF21}.Debug|Any CPU.ActiveCfg = Debug|Any CPU
		{5216D3AA-4B38-4D7E-AA98-0FAF4E5FAF21}.Debug|Any CPU.Build.0 = Debug|Any CPU
		{5216D3AA-4B38-4D7E-AA98-0FAF4E5FAF21}.Release|Any CPU.ActiveCfg = Release|Any CPU
		{5216D3AA-4B38-4D7E-AA98-0FAF4E5FAF21}.Release|Any CPU.Build.0 = Release|Any CPU
		{C426DE9A-D3E6-4ABA-B79B-22F8867743A3}.Debug|Any CPU.ActiveCfg = Debug|Any CPU
		{C426DE9A-D3E6-4ABA-B79B-22F8867743A3}.Debug|Any CPU.Build.0 = Debug|Any CPU
		{C426DE9A-D3E6-4ABA-B79B-22F8867743A3}.Release|Any CPU.ActiveCfg = Release|Any CPU
		{C426DE9A-D3E6-4ABA-B79B-22F8867743A3}.Release|Any CPU.Build.0 = Release|Any CPU
		{E3755E0A-75F7-4965-9BB2-B5BFFB2CC586}.Debug|Any CPU.ActiveCfg = Debug|Any CPU
		{E3755E0A-75F7-4965-9BB2-B5BFFB2CC586}.Debug|Any CPU.Build.0 = Debug|Any CPU
		{E3755E0A-75F7-4965-9BB2-B5BFFB2CC586}.Release|Any CPU.ActiveCfg = Release|Any CPU
		{E3755E0A-75F7-4965-9BB2-B5BFFB2CC586}.Release|Any CPU.Build.0 = Release|Any CPU
		{0C11C3BF-FFBF-4A0C-AAFE-7D02D30A4D0E}.Debug|Any CPU.ActiveCfg = Debug|Any CPU
		{0C11C3BF-FFBF-4A0C-AAFE-7D02D30A4D0E}.Debug|Any CPU.Build.0 = Debug|Any CPU
		{0C11C3BF-FFBF-4A0C-AAFE-7D02D30A4D0E}.Release|Any CPU.ActiveCfg = Release|Any CPU
		{0C11C3BF-FFBF-4A0C-AAFE-7D02D30A4D0E}.Release|Any CPU.Build.0 = Release|Any CPU
	EndGlobalSection
EndGlobal
